// !$*UTF8*$!
{
	archiveVersion = 1;
	classes = {
	};
	objectVersion = 46;
	objects = {

/* Begin PBXBuildFile section */
		DF820A641DAA216B00A37FDC /* AppDelegate.swift in Sources */ = {isa = PBXBuildFile; fileRef = DF820A631DAA216B00A37FDC /* AppDelegate.swift */; };
		DF820A661DAA216B00A37FDC /* MainViewController.swift in Sources */ = {isa = PBXBuildFile; fileRef = DF820A651DAA216B00A37FDC /* MainViewController.swift */; };
		DF820A691DAA216B00A37FDC /* Main.storyboard in Resources */ = {isa = PBXBuildFile; fileRef = DF820A671DAA216B00A37FDC /* Main.storyboard */; };
		DF820A6C1DAA216B00A37FDC /* ICNDBJokeDemo.xcdatamodeld in Sources */ = {isa = PBXBuildFile; fileRef = DF820A6A1DAA216B00A37FDC /* ICNDBJokeDemo.xcdatamodeld */; };
		DF820A6E1DAA216B00A37FDC /* Assets.xcassets in Resources */ = {isa = PBXBuildFile; fileRef = DF820A6D1DAA216B00A37FDC /* Assets.xcassets */; };
		DF820A711DAA216B00A37FDC /* LaunchScreen.storyboard in Resources */ = {isa = PBXBuildFile; fileRef = DF820A6F1DAA216B00A37FDC /* LaunchScreen.storyboard */; };
		DF820A7C1DAA216C00A37FDC /* ICNDBJokeDemoTests.swift in Sources */ = {isa = PBXBuildFile; fileRef = DF820A7B1DAA216C00A37FDC /* ICNDBJokeDemoTests.swift */; };
		DF820A911DAA22DF00A37FDC /* Constant.swift in Sources */ = {isa = PBXBuildFile; fileRef = DF820A8B1DAA22DF00A37FDC /* Constant.swift */; };
		DF820A921DAA22DF00A37FDC /* CoredataUtil.swift in Sources */ = {isa = PBXBuildFile; fileRef = DF820A8C1DAA22DF00A37FDC /* CoredataUtil.swift */; };
		DF820A931DAA22DF00A37FDC /* Joke.swift in Sources */ = {isa = PBXBuildFile; fileRef = DF820A8D1DAA22DF00A37FDC /* Joke.swift */; };
		DF820A941DAA22DF00A37FDC /* JokeTableViewCell.swift in Sources */ = {isa = PBXBuildFile; fileRef = DF820A8E1DAA22DF00A37FDC /* JokeTableViewCell.swift */; };
		DF820A951DAA22DF00A37FDC /* JokeTableViewCell.xib in Resources */ = {isa = PBXBuildFile; fileRef = DF820A8F1DAA22DF00A37FDC /* JokeTableViewCell.xib */; };
		DF820A961DAA22DF00A37FDC /* MainModel.swift in Sources */ = {isa = PBXBuildFile; fileRef = DF820A901DAA22DF00A37FDC /* MainModel.swift */; };
		DF820AA11DAA244C00A37FDC /* Alamofire.framework in Frameworks */ = {isa = PBXBuildFile; fileRef = DF820AA01DAA244C00A37FDC /* Alamofire.framework */; };
		DF820AA31DAA246B00A37FDC /* Alamofire.framework in CopyFiles */ = {isa = PBXBuildFile; fileRef = DF820AA01DAA244C00A37FDC /* Alamofire.framework */; settings = {ATTRIBUTES = (CodeSignOnCopy, RemoveHeadersOnCopy, ); }; };
		DFB3D91B1DAA792E0037DB17 /* CoreData.framework in Frameworks */ = {isa = PBXBuildFile; fileRef = DFB3D91A1DAA792E0037DB17 /* CoreData.framework */; };
		DFB3D94D1DAB59FA0037DB17 /* FunnyJoke+CoreDataClass.swift in Sources */ = {isa = PBXBuildFile; fileRef = DFB3D94B1DAB59FA0037DB17 /* FunnyJoke+CoreDataClass.swift */; };
		DFB3D94E1DAB59FA0037DB17 /* FunnyJoke+CoreDataProperties.swift in Sources */ = {isa = PBXBuildFile; fileRef = DFB3D94C1DAB59FA0037DB17 /* FunnyJoke+CoreDataProperties.swift */; };
/* End PBXBuildFile section */

/* Begin PBXContainerItemProxy section */
		DF820A781DAA216C00A37FDC /* PBXContainerItemProxy */ = {
			isa = PBXContainerItemProxy;
			containerPortal = DF820A581DAA216B00A37FDC /* Project object */;
			proxyType = 1;
			remoteGlobalIDString = DF820A5F1DAA216B00A37FDC;
			remoteInfo = ICNDBJokeDemo;
		};
/* End PBXContainerItemProxy section */

/* Begin PBXCopyFilesBuildPhase section */
		DF820A9E1DAA243400A37FDC /* Embed Frameworks */ = {
			isa = PBXCopyFilesBuildPhase;
			buildActionMask = 2147483647;
			dstPath = "";
			dstSubfolderSpec = 10;
			files = (
			);
			name = "Embed Frameworks";
			runOnlyForDeploymentPostprocessing = 0;
		};
		DF820AA21DAA246400A37FDC /* CopyFiles */ = {
			isa = PBXCopyFilesBuildPhase;
			buildActionMask = 2147483647;
			dstPath = "";
			dstSubfolderSpec = 10;
			files = (
				DF820AA31DAA246B00A37FDC /* Alamofire.framework in CopyFiles */,
			);
			runOnlyForDeploymentPostprocessing = 0;
		};
/* End PBXCopyFilesBuildPhase section */

/* Begin PBXFileReference section */
		DF820A601DAA216B00A37FDC /* ICNDBJokeDemo.app */ = {isa = PBXFileReference; explicitFileType = wrapper.application; includeInIndex = 0; path = ICNDBJokeDemo.app; sourceTree = BUILT_PRODUCTS_DIR; };
		DF820A631DAA216B00A37FDC /* AppDelegate.swift */ = {isa = PBXFileReference; lastKnownFileType = sourcecode.swift; path = AppDelegate.swift; sourceTree = "<group>"; };
		DF820A651DAA216B00A37FDC /* MainViewController.swift */ = {isa = PBXFileReference; lastKnownFileType = sourcecode.swift; path = MainViewController.swift; sourceTree = "<group>"; };
		DF820A681DAA216B00A37FDC /* Base */ = {isa = PBXFileReference; lastKnownFileType = file.storyboard; name = Base; path = Base.lproj/Main.storyboard; sourceTree = "<group>"; };
		DF820A6B1DAA216B00A37FDC /* ICNDBJokeDemo.xcdatamodel */ = {isa = PBXFileReference; lastKnownFileType = wrapper.xcdatamodel; path = ICNDBJokeDemo.xcdatamodel; sourceTree = "<group>"; };
		DF820A6D1DAA216B00A37FDC /* Assets.xcassets */ = {isa = PBXFileReference; lastKnownFileType = folder.assetcatalog; path = Assets.xcassets; sourceTree = "<group>"; };
		DF820A701DAA216B00A37FDC /* Base */ = {isa = PBXFileReference; lastKnownFileType = file.storyboard; name = Base; path = Base.lproj/LaunchScreen.storyboard; sourceTree = "<group>"; };
		DF820A721DAA216B00A37FDC /* Info.plist */ = {isa = PBXFileReference; lastKnownFileType = text.plist.xml; path = Info.plist; sourceTree = "<group>"; };
		DF820A771DAA216C00A37FDC /* ICNDBJokeDemoTests.xctest */ = {isa = PBXFileReference; explicitFileType = wrapper.cfbundle; includeInIndex = 0; path = ICNDBJokeDemoTests.xctest; sourceTree = BUILT_PRODUCTS_DIR; };
		DF820A7B1DAA216C00A37FDC /* ICNDBJokeDemoTests.swift */ = {isa = PBXFileReference; lastKnownFileType = sourcecode.swift; path = ICNDBJokeDemoTests.swift; sourceTree = "<group>"; };
		DF820A7D1DAA216C00A37FDC /* Info.plist */ = {isa = PBXFileReference; lastKnownFileType = text.plist.xml; path = Info.plist; sourceTree = "<group>"; };
		DF820A8B1DAA22DF00A37FDC /* Constant.swift */ = {isa = PBXFileReference; fileEncoding = 4; lastKnownFileType = sourcecode.swift; path = Constant.swift; sourceTree = "<group>"; };
		DF820A8C1DAA22DF00A37FDC /* CoredataUtil.swift */ = {isa = PBXFileReference; fileEncoding = 4; lastKnownFileType = sourcecode.swift; path = CoredataUtil.swift; sourceTree = "<group>"; };
		DF820A8D1DAA22DF00A37FDC /* Joke.swift */ = {isa = PBXFileReference; fileEncoding = 4; lastKnownFileType = sourcecode.swift; path = Joke.swift; sourceTree = "<group>"; };
		DF820A8E1DAA22DF00A37FDC /* JokeTableViewCell.swift */ = {isa = PBXFileReference; fileEncoding = 4; lastKnownFileType = sourcecode.swift; path = JokeTableViewCell.swift; sourceTree = "<group>"; };
		DF820A8F1DAA22DF00A37FDC /* JokeTableViewCell.xib */ = {isa = PBXFileReference; fileEncoding = 4; lastKnownFileType = file.xib; path = JokeTableViewCell.xib; sourceTree = "<group>"; };
		DF820A901DAA22DF00A37FDC /* MainModel.swift */ = {isa = PBXFileReference; fileEncoding = 4; lastKnownFileType = sourcecode.swift; path = MainModel.swift; sourceTree = "<group>"; };
		DF820AA01DAA244C00A37FDC /* Alamofire.framework */ = {isa = PBXFileReference; lastKnownFileType = wrapper.framework; name = Alamofire.framework; path = Carthage/Build/iOS/Alamofire.framework; sourceTree = "<group>"; };
		DFB3D91A1DAA792E0037DB17 /* CoreData.framework */ = {isa = PBXFileReference; lastKnownFileType = wrapper.framework; name = CoreData.framework; path = System/Library/Frameworks/CoreData.framework; sourceTree = SDKROOT; };
		DFB3D94B1DAB59FA0037DB17 /* FunnyJoke+CoreDataClass.swift */ = {isa = PBXFileReference; fileEncoding = 4; lastKnownFileType = sourcecode.swift; path = "FunnyJoke+CoreDataClass.swift"; sourceTree = "<group>"; };
		DFB3D94C1DAB59FA0037DB17 /* FunnyJoke+CoreDataProperties.swift */ = {isa = PBXFileReference; fileEncoding = 4; lastKnownFileType = sourcecode.swift; path = "FunnyJoke+CoreDataProperties.swift"; sourceTree = "<group>"; };
/* End PBXFileReference section */

/* Begin PBXFrameworksBuildPhase section */
		DF820A5D1DAA216B00A37FDC /* Frameworks */ = {
			isa = PBXFrameworksBuildPhase;
			buildActionMask = 2147483647;
			files = (
				DFB3D91B1DAA792E0037DB17 /* CoreData.framework in Frameworks */,
				DF820AA11DAA244C00A37FDC /* Alamofire.framework in Frameworks */,
			);
			runOnlyForDeploymentPostprocessing = 0;
		};
		DF820A741DAA216C00A37FDC /* Frameworks */ = {
			isa = PBXFrameworksBuildPhase;
			buildActionMask = 2147483647;
			files = (
			);
			runOnlyForDeploymentPostprocessing = 0;
		};
/* End PBXFrameworksBuildPhase section */

/* Begin PBXGroup section */
		DF820A571DAA216B00A37FDC = {
			isa = PBXGroup;
			children = (
				DF820A621DAA216B00A37FDC /* ICNDBJokeDemo */,
				DF820A7A1DAA216C00A37FDC /* ICNDBJokeDemoTests */,
				DF820A611DAA216B00A37FDC /* Products */,
				DF820A9F1DAA244C00A37FDC /* Frameworks */,
			);
			sourceTree = "<group>";
		};
		DF820A611DAA216B00A37FDC /* Products */ = {
			isa = PBXGroup;
			children = (
				DF820A601DAA216B00A37FDC /* ICNDBJokeDemo.app */,
				DF820A771DAA216C00A37FDC /* ICNDBJokeDemoTests.xctest */,
			);
			name = Products;
			sourceTree = "<group>";
		};
		DF820A621DAA216B00A37FDC /* ICNDBJokeDemo */ = {
			isa = PBXGroup;
			children = (
				DF820A631DAA216B00A37FDC /* AppDelegate.swift */,
				DF820A9A1DAA232700A37FDC /* ViewController */,
				DF820A991DAA231C00A37FDC /* Model */,
				DF820A971DAA22ED00A37FDC /* View */,
				DF820A861DAA221600A37FDC /* CoreData */,
				DF820AA41DAA24BE00A37FDC /* Resource */,
				DF820A981DAA22F800A37FDC /* Common */,
			);
			path = ICNDBJokeDemo;
			sourceTree = "<group>";
		};
		DF820A7A1DAA216C00A37FDC /* ICNDBJokeDemoTests */ = {
			isa = PBXGroup;
			children = (
				DF820A7B1DAA216C00A37FDC /* ICNDBJokeDemoTests.swift */,
				DF820A7D1DAA216C00A37FDC /* Info.plist */,
			);
			path = ICNDBJokeDemoTests;
			sourceTree = "<group>";
		};
		DF820A861DAA221600A37FDC /* CoreData */ = {
			isa = PBXGroup;
			children = (
				DFB3D94B1DAB59FA0037DB17 /* FunnyJoke+CoreDataClass.swift */,
				DFB3D94C1DAB59FA0037DB17 /* FunnyJoke+CoreDataProperties.swift */,
				DF820A8C1DAA22DF00A37FDC /* CoredataUtil.swift */,
				DF820A6A1DAA216B00A37FDC /* ICNDBJokeDemo.xcdatamodeld */,
			);
			name = CoreData;
			sourceTree = "<group>";
		};
		DF820A971DAA22ED00A37FDC /* View */ = {
			isa = PBXGroup;
			children = (
				DF820A8E1DAA22DF00A37FDC /* JokeTableViewCell.swift */,
				DF820A8F1DAA22DF00A37FDC /* JokeTableViewCell.xib */,
				DF820A671DAA216B00A37FDC /* Main.storyboard */,
				DF820A6F1DAA216B00A37FDC /* LaunchScreen.storyboard */,
			);
			name = View;
			sourceTree = "<group>";
		};
		DF820A981DAA22F800A37FDC /* Common */ = {
			isa = PBXGroup;
			children = (
				DF820A8B1DAA22DF00A37FDC /* Constant.swift */,
			);
			name = Common;
			sourceTree = "<group>";
		};
		DF820A991DAA231C00A37FDC /* Model */ = {
			isa = PBXGroup;
			children = (
				DF820A8D1DAA22DF00A37FDC /* Joke.swift */,
				DF820A901DAA22DF00A37FDC /* MainModel.swift */,
			);
			name = Model;
			sourceTree = "<group>";
		};
		DF820A9A1DAA232700A37FDC /* ViewController */ = {
			isa = PBXGroup;
			children = (
				DF820A651DAA216B00A37FDC /* MainViewController.swift */,
			);
			name = ViewController;
			sourceTree = "<group>";
		};
		DF820A9F1DAA244C00A37FDC /* Frameworks */ = {
			isa = PBXGroup;
			children = (
				DFB3D91A1DAA792E0037DB17 /* CoreData.framework */,
				DF820AA01DAA244C00A37FDC /* Alamofire.framework */,
			);
			name = Frameworks;
			sourceTree = "<group>";
		};
		DF820AA41DAA24BE00A37FDC /* Resource */ = {
			isa = PBXGroup;
			children = (
				DF820A6D1DAA216B00A37FDC /* Assets.xcassets */,
				DF820A721DAA216B00A37FDC /* Info.plist */,
			);
			name = Resource;
			sourceTree = "<group>";
		};
/* End PBXGroup section */

/* Begin PBXNativeTarget section */
		DF820A5F1DAA216B00A37FDC /* ICNDBJokeDemo */ = {
			isa = PBXNativeTarget;
			buildConfigurationList = DF820A801DAA216C00A37FDC /* Build configuration list for PBXNativeTarget "ICNDBJokeDemo" */;
			buildPhases = (
				DF820A5C1DAA216B00A37FDC /* Sources */,
				DF820A5D1DAA216B00A37FDC /* Frameworks */,
				DF820A5E1DAA216B00A37FDC /* Resources */,
				DF820A9E1DAA243400A37FDC /* Embed Frameworks */,
				DF820AA21DAA246400A37FDC /* CopyFiles */,
			);
			buildRules = (
			);
			dependencies = (
			);
			name = ICNDBJokeDemo;
			productName = ICNDBJokeDemo;
			productReference = DF820A601DAA216B00A37FDC /* ICNDBJokeDemo.app */;
			productType = "com.apple.product-type.application";
		};
		DF820A761DAA216C00A37FDC /* ICNDBJokeDemoTests */ = {
			isa = PBXNativeTarget;
			buildConfigurationList = DF820A831DAA216C00A37FDC /* Build configuration list for PBXNativeTarget "ICNDBJokeDemoTests" */;
			buildPhases = (
				DF820A731DAA216C00A37FDC /* Sources */,
				DF820A741DAA216C00A37FDC /* Frameworks */,
				DF820A751DAA216C00A37FDC /* Resources */,
			);
			buildRules = (
			);
			dependencies = (
				DF820A791DAA216C00A37FDC /* PBXTargetDependency */,
			);
			name = ICNDBJokeDemoTests;
			productName = ICNDBJokeDemoTests;
			productReference = DF820A771DAA216C00A37FDC /* ICNDBJokeDemoTests.xctest */;
			productType = "com.apple.product-type.bundle.unit-test";
		};
/* End PBXNativeTarget section */

/* Begin PBXProject section */
		DF820A581DAA216B00A37FDC /* Project object */ = {
			isa = PBXProject;
			attributes = {
				LastSwiftUpdateCheck = 0800;
				LastUpgradeCheck = 0800;
				ORGANIZATIONNAME = liuzhihui;
				TargetAttributes = {
					DF820A5F1DAA216B00A37FDC = {
						CreatedOnToolsVersion = 8.0;
						DevelopmentTeam = 5KRYNNRRYA;
						ProvisioningStyle = Automatic;
					};
					DF820A761DAA216C00A37FDC = {
						CreatedOnToolsVersion = 8.0;
						ProvisioningStyle = Automatic;
						TestTargetID = DF820A5F1DAA216B00A37FDC;
					};
				};
			};
			buildConfigurationList = DF820A5B1DAA216B00A37FDC /* Build configuration list for PBXProject "ICNDBJokeDemo" */;
			compatibilityVersion = "Xcode 3.2";
			developmentRegion = English;
			hasScannedForEncodings = 0;
			knownRegions = (
				en,
				Base,
			);
			mainGroup = DF820A571DAA216B00A37FDC;
			productRefGroup = DF820A611DAA216B00A37FDC /* Products */;
			projectDirPath = "";
			projectRoot = "";
			targets = (
				DF820A5F1DAA216B00A37FDC /* ICNDBJokeDemo */,
				DF820A761DAA216C00A37FDC /* ICNDBJokeDemoTests */,
			);
		};
/* End PBXProject section */

/* Begin PBXResourcesBuildPhase section */
		DF820A5E1DAA216B00A37FDC /* Resources */ = {
			isa = PBXResourcesBuildPhase;
			buildActionMask = 2147483647;
			files = (
				DF820A711DAA216B00A37FDC /* LaunchScreen.storyboard in Resources */,
				DF820A6E1DAA216B00A37FDC /* Assets.xcassets in Resources */,
				DF820A951DAA22DF00A37FDC /* JokeTableViewCell.xib in Resources */,
				DF820A691DAA216B00A37FDC /* Main.storyboard in Resources */,
			);
			runOnlyForDeploymentPostprocessing = 0;
		};
		DF820A751DAA216C00A37FDC /* Resources */ = {
			isa = PBXResourcesBuildPhase;
			buildActionMask = 2147483647;
			files = (
			);
			runOnlyForDeploymentPostprocessing = 0;
		};
/* End PBXResourcesBuildPhase section */

/* Begin PBXSourcesBuildPhase section */
		DF820A5C1DAA216B00A37FDC /* Sources */ = {
			isa = PBXSourcesBuildPhase;
			buildActionMask = 2147483647;
			files = (
				DF820A661DAA216B00A37FDC /* MainViewController.swift in Sources */,
				DFB3D94D1DAB59FA0037DB17 /* FunnyJoke+CoreDataClass.swift in Sources */,
				DF820A6C1DAA216B00A37FDC /* ICNDBJokeDemo.xcdatamodeld in Sources */,
				DFB3D94E1DAB59FA0037DB17 /* FunnyJoke+CoreDataProperties.swift in Sources */,
				DF820A921DAA22DF00A37FDC /* CoredataUtil.swift in Sources */,
				DF820A641DAA216B00A37FDC /* AppDelegate.swift in Sources */,
				DF820A931DAA22DF00A37FDC /* Joke.swift in Sources */,
				DF820A911DAA22DF00A37FDC /* Constant.swift in Sources */,
				DF820A961DAA22DF00A37FDC /* MainModel.swift in Sources */,
				DF820A941DAA22DF00A37FDC /* JokeTableViewCell.swift in Sources */,
			);
			runOnlyForDeploymentPostprocessing = 0;
		};
		DF820A731DAA216C00A37FDC /* Sources */ = {
			isa = PBXSourcesBuildPhase;
			buildActionMask = 2147483647;
			files = (
				DF820A7C1DAA216C00A37FDC /* ICNDBJokeDemoTests.swift in Sources */,
			);
			runOnlyForDeploymentPostprocessing = 0;
		};
/* End PBXSourcesBuildPhase section */

/* Begin PBXTargetDependency section */
		DF820A791DAA216C00A37FDC /* PBXTargetDependency */ = {
			isa = PBXTargetDependency;
			target = DF820A5F1DAA216B00A37FDC /* ICNDBJokeDemo */;
			targetProxy = DF820A781DAA216C00A37FDC /* PBXContainerItemProxy */;
		};
/* End PBXTargetDependency section */

/* Begin PBXVariantGroup section */
		DF820A671DAA216B00A37FDC /* Main.storyboard */ = {
			isa = PBXVariantGroup;
			children = (
				DF820A681DAA216B00A37FDC /* Base */,
			);
			name = Main.storyboard;
			sourceTree = "<group>";
		};
		DF820A6F1DAA216B00A37FDC /* LaunchScreen.storyboard */ = {
			isa = PBXVariantGroup;
			children = (
				DF820A701DAA216B00A37FDC /* Base */,
			);
			name = LaunchScreen.storyboard;
			sourceTree = "<group>";
		};
/* End PBXVariantGroup section */

/* Begin XCBuildConfiguration section */
		DF820A7E1DAA216C00A37FDC /* Debug */ = {
			isa = XCBuildConfiguration;
			buildSettings = {
				ALWAYS_SEARCH_USER_PATHS = NO;
				CLANG_ANALYZER_NONNULL = YES;
				CLANG_CXX_LANGUAGE_STANDARD = "gnu++0x";
				CLANG_CXX_LIBRARY = "libc++";
				CLANG_ENABLE_MODULES = YES;
				CLANG_ENABLE_OBJC_ARC = YES;
				CLANG_WARN_BOOL_CONVERSION = YES;
				CLANG_WARN_CONSTANT_CONVERSION = YES;
				CLANG_WARN_DIRECT_OBJC_ISA_USAGE = YES_ERROR;
				CLANG_WARN_DOCUMENTATION_COMMENTS = YES;
				CLANG_WARN_EMPTY_BODY = YES;
				CLANG_WARN_ENUM_CONVERSION = YES;
				CLANG_WARN_INFINITE_RECURSION = YES;
				CLANG_WARN_INT_CONVERSION = YES;
				CLANG_WARN_OBJC_ROOT_CLASS = YES_ERROR;
				CLANG_WARN_SUSPICIOUS_MOVES = YES;
				CLANG_WARN_UNREACHABLE_CODE = YES;
				CLANG_WARN__DUPLICATE_METHOD_MATCH = YES;
				"CODE_SIGN_IDENTITY[sdk=iphoneos*]" = "iPhone Developer";
				COPY_PHASE_STRIP = NO;
				DEBUG_INFORMATION_FORMAT = dwarf;
				ENABLE_STRICT_OBJC_MSGSEND = YES;
				ENABLE_TESTABILITY = YES;
				GCC_C_LANGUAGE_STANDARD = gnu99;
				GCC_DYNAMIC_NO_PIC = NO;
				GCC_NO_COMMON_BLOCKS = YES;
				GCC_OPTIMIZATION_LEVEL = 0;
				GCC_PREPROCESSOR_DEFINITIONS = (
					"DEBUG=1",
					"$(inherited)",
				);
				GCC_WARN_64_TO_32_BIT_CONVERSION = YES;
				GCC_WARN_ABOUT_RETURN_TYPE = YES_ERROR;
				GCC_WARN_UNDECLARED_SELECTOR = YES;
				GCC_WARN_UNINITIALIZED_AUTOS = YES_AGGRESSIVE;
				GCC_WARN_UNUSED_FUNCTION = YES;
				GCC_WARN_UNUSED_VARIABLE = YES;
				IPHONEOS_DEPLOYMENT_TARGET = 10.0;
				MTL_ENABLE_DEBUG_INFO = YES;
				ONLY_ACTIVE_ARCH = YES;
				SDKROOT = iphoneos;
				SWIFT_ACTIVE_COMPILATION_CONDITIONS = DEBUG;
				SWIFT_OPTIMIZATION_LEVEL = "-Onone";
			};
			name = Debug;
		};
		DF820A7F1DAA216C00A37FDC /* Release */ = {
			isa = XCBuildConfiguration;
			buildSettings = {
				ALWAYS_SEARCH_USER_PATHS = NO;
				CLANG_ANALYZER_NONNULL = YES;
				CLANG_CXX_LANGUAGE_STANDARD = "gnu++0x";
				CLANG_CXX_LIBRARY = "libc++";
				CLANG_ENABLE_MODULES = YES;
				CLANG_ENABLE_OBJC_ARC = YES;
				CLANG_WARN_BOOL_CONVERSION = YES;
				CLANG_WARN_CONSTANT_CONVERSION = YES;
				CLANG_WARN_DIRECT_OBJC_ISA_USAGE = YES_ERROR;
				CLANG_WARN_DOCUMENTATION_COMMENTS = YES;
				CLANG_WARN_EMPTY_BODY = YES;
				CLANG_WARN_ENUM_CONVERSION = YES;
				CLANG_WARN_INFINITE_RECURSION = YES;
				CLANG_WARN_INT_CONVERSION = YES;
				CLANG_WARN_OBJC_ROOT_CLASS = YES_ERROR;
				CLANG_WARN_SUSPICIOUS_MOVES = YES;
				CLANG_WARN_UNREACHABLE_CODE = YES;
				CLANG_WARN__DUPLICATE_METHOD_MATCH = YES;
				"CODE_SIGN_IDENTITY[sdk=iphoneos*]" = "iPhone Developer";
				COPY_PHASE_STRIP = NO;
				DEBUG_INFORMATION_FORMAT = "dwarf-with-dsym";
				ENABLE_NS_ASSERTIONS = NO;
				ENABLE_STRICT_OBJC_MSGSEND = YES;
				GCC_C_LANGUAGE_STANDARD = gnu99;
				GCC_NO_COMMON_BLOCKS = YES;
				GCC_WARN_64_TO_32_BIT_CONVERSION = YES;
				GCC_WARN_ABOUT_RETURN_TYPE = YES_ERROR;
				GCC_WARN_UNDECLARED_SELECTOR = YES;
				GCC_WARN_UNINITIALIZED_AUTOS = YES_AGGRESSIVE;
				GCC_WARN_UNUSED_FUNCTION = YES;
				GCC_WARN_UNUSED_VARIABLE = YES;
				IPHONEOS_DEPLOYMENT_TARGET = 10.0;
				MTL_ENABLE_DEBUG_INFO = NO;
				SDKROOT = iphoneos;
				SWIFT_OPTIMIZATION_LEVEL = "-Owholemodule";
				VALIDATE_PRODUCT = YES;
			};
			name = Release;
		};
		DF820A811DAA216C00A37FDC /* Debug */ = {
			isa = XCBuildConfiguration;
			buildSettings = {
				ASSETCATALOG_COMPILER_APPICON_NAME = AppIcon;
				DEVELOPMENT_TEAM = 5KRYNNRRYA;
				FRAMEWORK_SEARCH_PATHS = (
					"$(inherited)",
					"$(PROJECT_DIR)/Carthage/Build/iOS",
				);
				INFOPLIST_FILE = ICNDBJokeDemo/Info.plist;
				IPHONEOS_DEPLOYMENT_TARGET = 9.0;
				LD_RUNPATH_SEARCH_PATHS = "$(inherited) @executable_path/Frameworks";
				PRODUCT_BUNDLE_IDENTIFIER = com.liuzhihui.ICNDBJokeDemo;
				PRODUCT_NAME = "$(TARGET_NAME)";
				SWIFT_VERSION = 3.0;
			};
			name = Debug;
		};
		DF820A821DAA216C00A37FDC /* Release */ = {
			isa = XCBuildConfiguration;
			buildSettings = {
				ASSETCATALOG_COMPILER_APPICON_NAME = AppIcon;
				DEVELOPMENT_TEAM = 5KRYNNRRYA;
				FRAMEWORK_SEARCH_PATHS = (
					"$(inherited)",
					"$(PROJECT_DIR)/Carthage/Build/iOS",
				);
				INFOPLIST_FILE = ICNDBJokeDemo/Info.plist;
				IPHONEOS_DEPLOYMENT_TARGET = 9.0;
				LD_RUNPATH_SEARCH_PATHS = "$(inherited) @executable_path/Frameworks";
				PRODUCT_BUNDLE_IDENTIFIER = com.liuzhihui.ICNDBJokeDemo;
				PRODUCT_NAME = "$(TARGET_NAME)";
				SWIFT_VERSION = 3.0;
			};
			name = Release;
		};
		DF820A841DAA216C00A37FDC /* Debug */ = {
			isa = XCBuildConfiguration;
			buildSettings = {
				ALWAYS_EMBED_SWIFT_STANDARD_LIBRARIES = YES;
				BUNDLE_LOADER = "$(TEST_HOST)";
				INFOPLIST_FILE = ICNDBJokeDemoTests/Info.plist;
				LD_RUNPATH_SEARCH_PATHS = "$(inherited) @executable_path/Frameworks @loader_path/Frameworks";
				PRODUCT_BUNDLE_IDENTIFIER = com.liuzhihui.ICNDBJokeDemoTests;
				PRODUCT_NAME = "$(TARGET_NAME)";
				SWIFT_VERSION = 3.0;
				TEST_HOST = "$(BUILT_PRODUCTS_DIR)/ICNDBJokeDemo.app/ICNDBJokeDemo";
			};
			name = Debug;
		};
		DF820A851DAA216C00A37FDC /* Release */ = {
			isa = XCBuildConfiguration;
			buildSettings = {
				ALWAYS_EMBED_SWIFT_STANDARD_LIBRARIES = YES;
				BUNDLE_LOADER = "$(TEST_HOST)";
				INFOPLIST_FILE = ICNDBJokeDemoTests/Info.plist;
				LD_RUNPATH_SEARCH_PATHS = "$(inherited) @executable_path/Frameworks @loader_path/Frameworks";
				PRODUCT_BUNDLE_IDENTIFIER = com.liuzhihui.ICNDBJokeDemoTests;
				PRODUCT_NAME = "$(TARGET_NAME)";
				SWIFT_VERSION = 3.0;
				TEST_HOST = "$(BUILT_PRODUCTS_DIR)/ICNDBJokeDemo.app/ICNDBJokeDemo";
			};
			name = Release;
		};
/* End XCBuildConfiguration section */

/* Begin XCConfigurationList section */
		DF820A5B1DAA216B00A37FDC /* Build configuration list for PBXProject "ICNDBJokeDemo" */ = {
			isa = XCConfigurationList;
			buildConfigurations = (
				DF820A7E1DAA216C00A37FDC /* Debug */,
				DF820A7F1DAA216C00A37FDC /* Release */,
			);
			defaultConfigurationIsVisible = 0;
			defaultConfigurationName = Release;
		};
		DF820A801DAA216C00A37FDC /* Build configuration list for PBXNativeTarget "ICNDBJokeDemo" */ = {
			isa = XCConfigurationList;
			buildConfigurations = (
				DF820A811DAA216C00A37FDC /* Debug */,
				DF820A821DAA216C00A37FDC /* Release */,
			);
			defaultConfigurationIsVisible = 0;
			defaultConfigurationName = Release;
		};
		DF820A831DAA216C00A37FDC /* Build configuration list for PBXNativeTarget "ICNDBJokeDemoTests" */ = {
			isa = XCConfigurationList;
			buildConfigurations = (
				DF820A841DAA216C00A37FDC /* Debug */,
				DF820A851DAA216C00A37FDC /* Release */,
			);
			defaultConfigurationIsVisible = 0;
			defaultConfigurationName = Release;
		};
/* End XCConfigurationList section */

/* Begin XCVersionGroup section */
		DF820A6A1DAA216B00A37FDC /* ICNDBJokeDemo.xcdatamodeld */ = {
			isa = XCVersionGroup;
			children = (
				DF820A6B1DAA216B00A37FDC /* ICNDBJokeDemo.xcdatamodel */,
			);
			currentVersion = DF820A6B1DAA216B00A37FDC /* ICNDBJokeDemo.xcdatamodel */;
			path = ICNDBJokeDemo.xcdatamodeld;
			sourceTree = "<group>";
			versionGroupType = wrapper.xcdatamodel;
		};
/* End XCVersionGroup section */
	};
	rootObject = DF820A581DAA216B00A37FDC /* Project object */;
}
